// !$*UTF8*$!
{
	archiveVersion = 1;
	classes = {
	};
	objectVersion = 56;
	objects = {

/* Begin PBXBuildFile section */
		E24FD9F6296836E2004A59DF /* WeatherAppApp.swift in Sources */ = {isa = PBXBuildFile; fileRef = E24FD9F5296836E2004A59DF /* WeatherAppApp.swift */; };
		E24FD9F8296836E2004A59DF /* ContentView.swift in Sources */ = {isa = PBXBuildFile; fileRef = E24FD9F7296836E2004A59DF /* ContentView.swift */; };
		E24FD9FA296836E4004A59DF /* Assets.xcassets in Resources */ = {isa = PBXBuildFile; fileRef = E24FD9F9296836E4004A59DF /* Assets.xcassets */; };
		E24FD9FD296836E4004A59DF /* Preview Assets.xcassets in Resources */ = {isa = PBXBuildFile; fileRef = E24FD9FC296836E4004A59DF /* Preview Assets.xcassets */; };
		E24FDA0529683759004A59DF /* LocationManger.swift in Sources */ = {isa = PBXBuildFile; fileRef = E24FDA0429683754004A59DF /* LocationManger.swift */; };
		E24FDA0829683A5E004A59DF /* WelcomeView.swift in Sources */ = {isa = PBXBuildFile; fileRef = E24FDA0729683A5E004A59DF /* WelcomeView.swift */; };
		E24FDA0A29684380004A59DF /* LoadingView.swift in Sources */ = {isa = PBXBuildFile; fileRef = E24FDA0929684380004A59DF /* LoadingView.swift */; };
		E24FDA0C296846EE004A59DF /* WeatherManger.swift in Sources */ = {isa = PBXBuildFile; fileRef = E24FDA0B296846EE004A59DF /* WeatherManger.swift */; };
		E26B257629684CBB00BE5A07 /* WeatherData.swift in Sources */ = {isa = PBXBuildFile; fileRef = E26B257529684CBB00BE5A07 /* WeatherData.swift */; };
		E26B257829684EA500BE5A07 /* WeatherView.swift in Sources */ = {isa = PBXBuildFile; fileRef = E26B257729684EA500BE5A07 /* WeatherView.swift */; };
		E26B257A29684F1E00BE5A07 /* ModelData.swift in Sources */ = {isa = PBXBuildFile; fileRef = E26B257929684F1E00BE5A07 /* ModelData.swift */; };
		E26B257C29684F8500BE5A07 /* weatherData.json in Resources */ = {isa = PBXBuildFile; fileRef = E26B257B29684F8500BE5A07 /* weatherData.json */; };
		E26B257F2968550F00BE5A07 /* Double+RoundDouble.swift in Sources */ = {isa = PBXBuildFile; fileRef = E26B257E2968550F00BE5A07 /* Double+RoundDouble.swift */; };
		E26B258129685C9200BE5A07 /* View+CornerRadius.swift in Sources */ = {isa = PBXBuildFile; fileRef = E26B258029685C9200BE5A07 /* View+CornerRadius.swift */; };
		E26B258429685FAA00BE5A07 /* WeatherRow.swift in Sources */ = {isa = PBXBuildFile; fileRef = E26B258329685FAA00BE5A07 /* WeatherRow.swift */; };
/* End PBXBuildFile section */

/* Begin PBXFileReference section */
		E24FD9F2296836E2004A59DF /* WeatherApp.app */ = {isa = PBXFileReference; explicitFileType = wrapper.application; includeInIndex = 0; path = WeatherApp.app; sourceTree = BUILT_PRODUCTS_DIR; };
		E24FD9F5296836E2004A59DF /* WeatherAppApp.swift */ = {isa = PBXFileReference; lastKnownFileType = sourcecode.swift; path = WeatherAppApp.swift; sourceTree = "<group>"; };
		E24FD9F7296836E2004A59DF /* ContentView.swift */ = {isa = PBXFileReference; lastKnownFileType = sourcecode.swift; path = ContentView.swift; sourceTree = "<group>"; };
		E24FD9F9296836E4004A59DF /* Assets.xcassets */ = {isa = PBXFileReference; lastKnownFileType = folder.assetcatalog; path = Assets.xcassets; sourceTree = "<group>"; };
		E24FD9FC296836E4004A59DF /* Preview Assets.xcassets */ = {isa = PBXFileReference; lastKnownFileType = folder.assetcatalog; path = "Preview Assets.xcassets"; sourceTree = "<group>"; };
		E24FDA0429683754004A59DF /* LocationManger.swift */ = {isa = PBXFileReference; lastKnownFileType = sourcecode.swift; path = LocationManger.swift; sourceTree = "<group>"; };
		E24FDA0729683A5E004A59DF /* WelcomeView.swift */ = {isa = PBXFileReference; lastKnownFileType = sourcecode.swift; path = WelcomeView.swift; sourceTree = "<group>"; };
		E24FDA0929684380004A59DF /* LoadingView.swift */ = {isa = PBXFileReference; lastKnownFileType = sourcecode.swift; path = LoadingView.swift; sourceTree = "<group>"; };
		E24FDA0B296846EE004A59DF /* WeatherManger.swift */ = {isa = PBXFileReference; lastKnownFileType = sourcecode.swift; path = WeatherManger.swift; sourceTree = "<group>"; };
		E26B257529684CBB00BE5A07 /* WeatherData.swift */ = {isa = PBXFileReference; lastKnownFileType = sourcecode.swift; path = WeatherData.swift; sourceTree = "<group>"; };
		E26B257729684EA500BE5A07 /* WeatherView.swift */ = {isa = PBXFileReference; lastKnownFileType = sourcecode.swift; path = WeatherView.swift; sourceTree = "<group>"; };
		E26B257929684F1E00BE5A07 /* ModelData.swift */ = {isa = PBXFileReference; lastKnownFileType = sourcecode.swift; path = ModelData.swift; sourceTree = "<group>"; };
		E26B257B29684F8500BE5A07 /* weatherData.json */ = {isa = PBXFileReference; lastKnownFileType = text.json; path = weatherData.json; sourceTree = "<group>"; };
		E26B257E2968550F00BE5A07 /* Double+RoundDouble.swift */ = {isa = PBXFileReference; lastKnownFileType = sourcecode.swift; path = "Double+RoundDouble.swift"; sourceTree = "<group>"; };
		E26B258029685C9200BE5A07 /* View+CornerRadius.swift */ = {isa = PBXFileReference; lastKnownFileType = sourcecode.swift; path = "View+CornerRadius.swift"; sourceTree = "<group>"; };
		E26B258329685FAA00BE5A07 /* WeatherRow.swift */ = {isa = PBXFileReference; lastKnownFileType = sourcecode.swift; path = WeatherRow.swift; sourceTree = "<group>"; };
/* End PBXFileReference section */

/* Begin PBXFrameworksBuildPhase section */
		E24FD9EF296836E1004A59DF /* Frameworks */ = {
			isa = PBXFrameworksBuildPhase;
			buildActionMask = 2147483647;
			files = (
			);
			runOnlyForDeploymentPostprocessing = 0;
		};
/* End PBXFrameworksBuildPhase section */

/* Begin PBXGroup section */
		E24FD9E9296836E1004A59DF = {
			isa = PBXGroup;
			children = (
				E24FD9F4296836E2004A59DF /* WeatherApp */,
				E24FD9F3296836E2004A59DF /* Products */,
			);
			sourceTree = "<group>";
		};
		E24FD9F3296836E2004A59DF /* Products */ = {
			isa = PBXGroup;
			children = (
				E24FD9F2296836E2004A59DF /* WeatherApp.app */,
			);
			name = Products;
			sourceTree = "<group>";
		};
		E24FD9F4296836E2004A59DF /* WeatherApp */ = {
			isa = PBXGroup;
			children = (
				E24FD9F5296836E2004A59DF /* WeatherAppApp.swift */,
				E24FD9F9296836E4004A59DF /* Assets.xcassets */,
				E24FDA0329683714004A59DF /* Managers */,
				E24FDA0629683993004A59DF /* Views */,
				E26B257429684CAA00BE5A07 /* Model */,
				E26B258229685F7D00BE5A07 /* Components */,
				E26B257D296854E800BE5A07 /* Extenstions */,
				E24FD9FB296836E4004A59DF /* Preview Content */,
			);
			path = WeatherApp;
			sourceTree = "<group>";
		};
		E24FD9FB296836E4004A59DF /* Preview Content */ = {
			isa = PBXGroup;
			children = (
				E24FD9FC296836E4004A59DF /* Preview Assets.xcassets */,
				E26B257929684F1E00BE5A07 /* ModelData.swift */,
				E26B257B29684F8500BE5A07 /* weatherData.json */,
			);
			path = "Preview Content";
			sourceTree = "<group>";
		};
		E24FDA0329683714004A59DF /* Managers */ = {
			isa = PBXGroup;
			children = (
				E24FDA0429683754004A59DF /* LocationManger.swift */,
				E24FDA0B296846EE004A59DF /* WeatherManger.swift */,
			);
			path = Managers;
			sourceTree = "<group>";
		};
		E24FDA0629683993004A59DF /* Views */ = {
			isa = PBXGroup;
			children = (
				E24FD9F7296836E2004A59DF /* ContentView.swift */,
				E24FDA0729683A5E004A59DF /* WelcomeView.swift */,
				E24FDA0929684380004A59DF /* LoadingView.swift */,
				E26B257729684EA500BE5A07 /* WeatherView.swift */,
			);
			path = Views;
			sourceTree = "<group>";
		};
		E26B257429684CAA00BE5A07 /* Model */ = {
			isa = PBXGroup;
			children = (
				E26B257529684CBB00BE5A07 /* WeatherData.swift */,
			);
			path = Model;
			sourceTree = "<group>";
		};
		E26B257D296854E800BE5A07 /* Extenstions */ = {
			isa = PBXGroup;
			children = (
				E26B257E2968550F00BE5A07 /* Double+RoundDouble.swift */,
				E26B258029685C9200BE5A07 /* View+CornerRadius.swift */,
			);
			path = Extenstions;
			sourceTree = "<group>";
		};
		E26B258229685F7D00BE5A07 /* Components */ = {
			isa = PBXGroup;
			children = (
				E26B258329685FAA00BE5A07 /* WeatherRow.swift */,
			);
			path = Components;
			sourceTree = "<group>";
		};
/* End PBXGroup section */

/* Begin PBXNativeTarget section */
		E24FD9F1296836E1004A59DF /* WeatherApp */ = {
			isa = PBXNativeTarget;
			buildConfigurationList = E24FDA00296836E4004A59DF /* Build configuration list for PBXNativeTarget "WeatherApp" */;
			buildPhases = (
				E24FD9EE296836E1004A59DF /* Sources */,
				E24FD9EF296836E1004A59DF /* Frameworks */,
				E24FD9F0296836E1004A59DF /* Resources */,
			);
			buildRules = (
			);
			dependencies = (
			);
			name = WeatherApp;
			productName = WeatherApp;
			productReference = E24FD9F2296836E2004A59DF /* WeatherApp.app */;
			productType = "com.apple.product-type.application";
		};
/* End PBXNativeTarget section */

/* Begin PBXProject section */
		E24FD9EA296836E1004A59DF /* Project object */ = {
			isa = PBXProject;
			attributes = {
				BuildIndependentTargetsInParallel = 1;
				LastSwiftUpdateCheck = 1400;
				LastUpgradeCheck = 1400;
				TargetAttributes = {
					E24FD9F1296836E1004A59DF = {
						CreatedOnToolsVersion = 14.0;
					};
				};
			};
			buildConfigurationList = E24FD9ED296836E1004A59DF /* Build configuration list for PBXProject "WeatherApp" */;
			compatibilityVersion = "Xcode 14.0";
			developmentRegion = en;
			hasScannedForEncodings = 0;
			knownRegions = (
				en,
				Base,
			);
			mainGroup = E24FD9E9296836E1004A59DF;
			productRefGroup = E24FD9F3296836E2004A59DF /* Products */;
			projectDirPath = "";
			projectRoot = "";
			targets = (
				E24FD9F1296836E1004A59DF /* WeatherApp */,
			);
		};
/* End PBXProject section */

/* Begin PBXResourcesBuildPhase section */
		E24FD9F0296836E1004A59DF /* Resources */ = {
			isa = PBXResourcesBuildPhase;
			buildActionMask = 2147483647;
			files = (
				E24FD9FD296836E4004A59DF /* Preview Assets.xcassets in Resources */,
				E26B257C29684F8500BE5A07 /* weatherData.json in Resources */,
				E24FD9FA296836E4004A59DF /* Assets.xcassets in Resources */,
			);
			runOnlyForDeploymentPostprocessing = 0;
		};
/* End PBXResourcesBuildPhase section */

/* Begin PBXSourcesBuildPhase section */
		E24FD9EE296836E1004A59DF /* Sources */ = {
			isa = PBXSourcesBuildPhase;
			buildActionMask = 2147483647;
			files = (
				E24FDA0C296846EE004A59DF /* WeatherManger.swift in Sources */,
				E24FD9F8296836E2004A59DF /* ContentView.swift in Sources */,
				E26B257A29684F1E00BE5A07 /* ModelData.swift in Sources */,
				E26B258429685FAA00BE5A07 /* WeatherRow.swift in Sources */,
				E26B258129685C9200BE5A07 /* View+CornerRadius.swift in Sources */,
				E26B257629684CBB00BE5A07 /* WeatherData.swift in Sources */,
				E24FDA0529683759004A59DF /* LocationManger.swift in Sources */,
				E24FD9F6296836E2004A59DF /* WeatherAppApp.swift in Sources */,
				E26B257F2968550F00BE5A07 /* Double+RoundDouble.swift in Sources */,
				E24FDA0A29684380004A59DF /* LoadingView.swift in Sources */,
				E24FDA0829683A5E004A59DF /* WelcomeView.swift in Sources */,
				E26B257829684EA500BE5A07 /* WeatherView.swift in Sources */,
			);
			runOnlyForDeploymentPostprocessing = 0;
		};
/* End PBXSourcesBuildPhase section */

/* Begin XCBuildConfiguration section */
		E24FD9FE296836E4004A59DF /* Debug */ = {
			isa = XCBuildConfiguration;
			buildSettings = {
				ALWAYS_SEARCH_USER_PATHS = NO;
				CLANG_ANALYZER_NONNULL = YES;
				CLANG_ANALYZER_NUMBER_OBJECT_CONVERSION = YES_AGGRESSIVE;
				CLANG_CXX_LANGUAGE_STANDARD = "gnu++20";
				CLANG_ENABLE_MODULES = YES;
				CLANG_ENABLE_OBJC_ARC = YES;
				CLANG_ENABLE_OBJC_WEAK = YES;
				CLANG_WARN_BLOCK_CAPTURE_AUTORELEASING = YES;
				CLANG_WARN_BOOL_CONVERSION = YES;
				CLANG_WARN_COMMA = YES;
				CLANG_WARN_CONSTANT_CONVERSION = YES;
				CLANG_WARN_DEPRECATED_OBJC_IMPLEMENTATIONS = YES;
				CLANG_WARN_DIRECT_OBJC_ISA_USAGE = YES_ERROR;
				CLANG_WARN_DOCUMENTATION_COMMENTS = YES;
				CLANG_WARN_EMPTY_BODY = YES;
				CLANG_WARN_ENUM_CONVERSION = YES;
				CLANG_WARN_INFINITE_RECURSION = YES;
				CLANG_WARN_INT_CONVERSION = YES;
				CLANG_WARN_NON_LITERAL_NULL_CONVERSION = YES;
				CLANG_WARN_OBJC_IMPLICIT_RETAIN_SELF = YES;
				CLANG_WARN_OBJC_LITERAL_CONVERSION = YES;
				CLANG_WARN_OBJC_ROOT_CLASS = YES_ERROR;
				CLANG_WARN_QUOTED_INCLUDE_IN_FRAMEWORK_HEADER = YES;
				CLANG_WARN_RANGE_LOOP_ANALYSIS = YES;
				CLANG_WARN_STRICT_PROTOTYPES = YES;
				CLANG_WARN_SUSPICIOUS_MOVE = YES;
				CLANG_WARN_UNGUARDED_AVAILABILITY = YES_AGGRESSIVE;
				CLANG_WARN_UNREACHABLE_CODE = YES;
				CLANG_WARN__DUPLICATE_METHOD_MATCH = YES;
				COPY_PHASE_STRIP = NO;
				DEBUG_INFORMATION_FORMAT = dwarf;
				ENABLE_STRICT_OBJC_MSGSEND = YES;
				ENABLE_TESTABILITY = YES;
				GCC_C_LANGUAGE_STANDARD = gnu11;
				GCC_DYNAMIC_NO_PIC = NO;
				GCC_NO_COMMON_BLOCKS = YES;
				GCC_OPTIMIZATION_LEVEL = 0;
				GCC_PREPROCESSOR_DEFINITIONS = (
					"DEBUG=1",
					"$(inherited)",
				);
				GCC_WARN_64_TO_32_BIT_CONVERSION = YES;
				GCC_WARN_ABOUT_RETURN_TYPE = YES_ERROR;
				GCC_WARN_UNDECLARED_SELECTOR = YES;
				GCC_WARN_UNINITIALIZED_AUTOS = YES_AGGRESSIVE;
				GCC_WARN_UNUSED_FUNCTION = YES;
				GCC_WARN_UNUSED_VARIABLE = YES;
				IPHONEOS_DEPLOYMENT_TARGET = 16.0;
				MTL_ENABLE_DEBUG_INFO = INCLUDE_SOURCE;
				MTL_FAST_MATH = YES;
				ONLY_ACTIVE_ARCH = YES;
				SDKROOT = iphoneos;
				SWIFT_ACTIVE_COMPILATION_CONDITIONS = DEBUG;
				SWIFT_OPTIMIZATION_LEVEL = "-Onone";
			};
			name = Debug;
		};
		E24FD9FF296836E4004A59DF /* Release */ = {
			isa = XCBuildConfiguration;
			buildSettings = {
				ALWAYS_SEARCH_USER_PATHS = NO;
				CLANG_ANALYZER_NONNULL = YES;
				CLANG_ANALYZER_NUMBER_OBJECT_CONVERSION = YES_AGGRESSIVE;
				CLANG_CXX_LANGUAGE_STANDARD = "gnu++20";
				CLANG_ENABLE_MODULES = YES;
				CLANG_ENABLE_OBJC_ARC = YES;
				CLANG_ENABLE_OBJC_WEAK = YES;
				CLANG_WARN_BLOCK_CAPTURE_AUTORELEASING = YES;
				CLANG_WARN_BOOL_CONVERSION = YES;
				CLANG_WARN_COMMA = YES;
				CLANG_WARN_CONSTANT_CONVERSION = YES;
				CLANG_WARN_DEPRECATED_OBJC_IMPLEMENTATIONS = YES;
				CLANG_WARN_DIRECT_OBJC_ISA_USAGE = YES_ERROR;
				CLANG_WARN_DOCUMENTATION_COMMENTS = YES;
				CLANG_WARN_EMPTY_BODY = YES;
				CLANG_WARN_ENUM_CONVERSION = YES;
				CLANG_WARN_INFINITE_RECURSION = YES;
				CLANG_WARN_INT_CONVERSION = YES;
				CLANG_WARN_NON_LITERAL_NULL_CONVERSION = YES;
				CLANG_WARN_OBJC_IMPLICIT_RETAIN_SELF = YES;
				CLANG_WARN_OBJC_LITERAL_CONVERSION = YES;
				CLANG_WARN_OBJC_ROOT_CLASS = YES_ERROR;
				CLANG_WARN_QUOTED_INCLUDE_IN_FRAMEWORK_HEADER = YES;
				CLANG_WARN_RANGE_LOOP_ANALYSIS = YES;
				CLANG_WARN_STRICT_PROTOTYPES = YES;
				CLANG_WARN_SUSPICIOUS_MOVE = YES;
				CLANG_WARN_UNGUARDED_AVAILABILITY = YES_AGGRESSIVE;
				CLANG_WARN_UNREACHABLE_CODE = YES;
				CLANG_WARN__DUPLICATE_METHOD_MATCH = YES;
				COPY_PHASE_STRIP = NO;
				DEBUG_INFORMATION_FORMAT = "dwarf-with-dsym";
				ENABLE_NS_ASSERTIONS = NO;
				ENABLE_STRICT_OBJC_MSGSEND = YES;
				GCC_C_LANGUAGE_STANDARD = gnu11;
				GCC_NO_COMMON_BLOCKS = YES;
				GCC_WARN_64_TO_32_BIT_CONVERSION = YES;
				GCC_WARN_ABOUT_RETURN_TYPE = YES_ERROR;
				GCC_WARN_UNDECLARED_SELECTOR = YES;
				GCC_WARN_UNINITIALIZED_AUTOS = YES_AGGRESSIVE;
				GCC_WARN_UNUSED_FUNCTION = YES;
				GCC_WARN_UNUSED_VARIABLE = YES;
				IPHONEOS_DEPLOYMENT_TARGET = 16.0;
				MTL_ENABLE_DEBUG_INFO = NO;
				MTL_FAST_MATH = YES;
				SDKROOT = iphoneos;
				SWIFT_COMPILATION_MODE = wholemodule;
				SWIFT_OPTIMIZATION_LEVEL = "-O";
				VALIDATE_PRODUCT = YES;
			};
			name = Release;
		};
		E24FDA01296836E4004A59DF /* Debug */ = {
			isa = XCBuildConfiguration;
			buildSettings = {
				ASSETCATALOG_COMPILER_APPICON_NAME = AppIcon;
				ASSETCATALOG_COMPILER_GLOBAL_ACCENT_COLOR_NAME = AccentColor;
				CODE_SIGN_STYLE = Automatic;
				CURRENT_PROJECT_VERSION = 1;
				DEVELOPMENT_ASSET_PATHS = "\"WeatherApp/Preview Content\"";
				DEVELOPMENT_TEAM = D8KGAL2H5J;
				ENABLE_PREVIEWS = YES;
				GENERATE_INFOPLIST_FILE = YES;
				INFOPLIST_KEY_CFBundleDisplayName = "Weather App";
				INFOPLIST_KEY_UIApplicationSceneManifest_Generation = YES;
				INFOPLIST_KEY_UIApplicationSupportsIndirectInputEvents = YES;
				INFOPLIST_KEY_UILaunchScreen_Generation = YES;
				INFOPLIST_KEY_UISupportedInterfaceOrientations = UIInterfaceOrientationPortrait;
				IPHONEOS_DEPLOYMENT_TARGET = 15.0;
				LD_RUNPATH_SEARCH_PATHS = (
					"$(inherited)",
					"@executable_path/Frameworks",
				);
				MARKETING_VERSION = 1.0;
				PRODUCT_BUNDLE_IDENTIFIER = com.Elshaer.WeatherApp;
				PRODUCT_NAME = "$(TARGET_NAME)";
				SUPPORTED_PLATFORMS = "iphoneos iphonesimulator";
				SUPPORTS_MACCATALYST = NO;
				SUPPORTS_MAC_DESIGNED_FOR_IPHONE_IPAD = NO;
				SWIFT_EMIT_LOC_STRINGS = YES;
				SWIFT_VERSION = 5.0;
				TARGETED_DEVICE_FAMILY = 1;
			};
			name = Debug;
		};
		E24FDA02296836E4004A59DF /* Release */ = {
			isa = XCBuildConfiguration;
			buildSettings = {
				ASSETCATALOG_COMPILER_APPICON_NAME = AppIcon;
				ASSETCATALOG_COMPILER_GLOBAL_ACCENT_COLOR_NAME = AccentColor;
				CODE_SIGN_STYLE = Automatic;
				CURRENT_PROJECT_VERSION = 1;
				DEVELOPMENT_ASSET_PATHS = "\"WeatherApp/Preview Content\"";
				DEVELOPMENT_TEAM = D8KGAL2H5J;
				ENABLE_PREVIEWS = YES;
				GENERATE_INFOPLIST_FILE = YES;
				INFOPLIST_KEY_CFBundleDisplayName = "Weather App";
				INFOPLIST_KEY_UIApplicationSceneManifest_Generation = YES;
				INFOPLIST_KEY_UIApplicationSupportsIndirectInputEvents = YES;
				INFOPLIST_KEY_UILaunchScreen_Generation = YES;
				INFOPLIST_KEY_UISupportedInterfaceOrientations = UIInterfaceOrientationPortrait;
				IPHONEOS_DEPLOYMENT_TARGET = 15.0;
				LD_RUNPATH_SEARCH_PATHS = (
					"$(inherited)",
					"@executable_path/Frameworks",
				);
				MARKETING_VERSION = 1.0;
				PRODUCT_BUNDLE_IDENTIFIER = com.Elshaer.WeatherApp;
				PRODUCT_NAME = "$(TARGET_NAME)";
				SUPPORTED_PLATFORMS = "iphoneos iphonesimulator";
				SUPPORTS_MACCATALYST = NO;
				SUPPORTS_MAC_DESIGNED_FOR_IPHONE_IPAD = NO;
				SWIFT_EMIT_LOC_STRINGS = YES;
				SWIFT_VERSION = 5.0;
				TARGETED_DEVICE_FAMILY = 1;
			};
			name = Release;
		};
/* End XCBuildConfiguration section */

/* Begin XCConfigurationList section */
		E24FD9ED296836E1004A59DF /* Build configuration list for PBXProject "WeatherApp" */ = {
			isa = XCConfigurationList;
			buildConfigurations = (
				E24FD9FE296836E4004A59DF /* Debug */,
				E24FD9FF296836E4004A59DF /* Release */,
			);
			defaultConfigurationIsVisible = 0;
			defaultConfigurationName = Release;
		};
		E24FDA00296836E4004A59DF /* Build configuration list for PBXNativeTarget "WeatherApp" */ = {
			isa = XCConfigurationList;
			buildConfigurations = (
				E24FDA01296836E4004A59DF /* Debug */,
				E24FDA02296836E4004A59DF /* Release */,
			);
			defaultConfigurationIsVisible = 0;
			defaultConfigurationName = Release;
		};
/* End XCConfigurationList section */
	};
	rootObject = E24FD9EA296836E1004A59DF /* Project object */;
}
